
Microsoft Visual Studio Solution File, Format Version 12.00
# Visual Studio Version 17
VisualStudioVersion = 17.7.34024.191
MinimumVisualStudioVersion = 10.0.40219.1
Project("{FAE04EC0-301F-11D3-BF4B-00C04F79EFBC}") = "Exercicio9", "Exercicio9\Exercicio9.csproj", "{60DAEBEA-E1E9-4386-85FC-006F7C775633}"
EndProject
Global
	GlobalSection(SolutionConfigurationPlatforms) = preSolution
		Debug|Any CPU = Debug|Any CPU
		Release|Any CPU = Release|Any CPU
	EndGlobalSection
	GlobalSection(ProjectConfigurationPlatforms) = postSolution
		{60DAEBEA-E1E9-4386-85FC-006F7C775633}.Debug|Any CPU.ActiveCfg = Debug|Any CPU
		{60DAEBEA-E1E9-4386-85FC-006F7C775633}.Debug|Any CPU.Build.0 = Debug|Any CPU
		{60DAEBEA-E1E9-4386-85FC-006F7C775633}.Release|Any CPU.ActiveCfg = Release|Any CPU
		{60DAEBEA-E1E9-4386-85FC-006F7C775633}.Release|Any CPU.Build.0 = Release|Any CPU
	EndGlobalSection
	GlobalSection(SolutionProperties) = preSolution
		HideSolutionNode = FALSE
	EndGlobalSection
	GlobalSection(ExtensibilityGlobals) = postSolution
		SolutionGuid = {52E0C1BD-9576-4FA2-BFBB-CD7E502BD5A6}
	EndGlobalSection
EndGlobal
