
Microsoft Visual Studio Solution File, Format Version 12.00
# Visual Studio Version 17
VisualStudioVersion = 17.7.34024.191
MinimumVisualStudioVersion = 10.0.40219.1
Project("{FAE04EC0-301F-11D3-BF4B-00C04F79EFBC}") = "Exercicio5", "Exercicio5\Exercicio5.csproj", "{9F8117B1-6656-42EB-A7B3-0EDEA5052A1A}"
EndProject
Global
	GlobalSection(SolutionConfigurationPlatforms) = preSolution
		Debug|Any CPU = Debug|Any CPU
		Release|Any CPU = Release|Any CPU
	EndGlobalSection
	GlobalSection(ProjectConfigurationPlatforms) = postSolution
		{9F8117B1-6656-42EB-A7B3-0EDEA5052A1A}.Debug|Any CPU.ActiveCfg = Debug|Any CPU
		{9F8117B1-6656-42EB-A7B3-0EDEA5052A1A}.Debug|Any CPU.Build.0 = Debug|Any CPU
		{9F8117B1-6656-42EB-A7B3-0EDEA5052A1A}.Release|Any CPU.ActiveCfg = Release|Any CPU
		{9F8117B1-6656-42EB-A7B3-0EDEA5052A1A}.Release|Any CPU.Build.0 = Release|Any CPU
	EndGlobalSection
	GlobalSection(SolutionProperties) = preSolution
		HideSolutionNode = FALSE
	EndGlobalSection
	GlobalSection(ExtensibilityGlobals) = postSolution
		SolutionGuid = {FBEE2398-56B1-4BB2-8236-9282349FF789}
	EndGlobalSection
EndGlobal
