
Microsoft Visual Studio Solution File, Format Version 12.00
# Visual Studio Version 17
VisualStudioVersion = 17.7.34024.191
MinimumVisualStudioVersion = 10.0.40219.1
Project("{FAE04EC0-301F-11D3-BF4B-00C04F79EFBC}") = "Exercicio8", "Exercicio8\Exercicio8.csproj", "{D5883CA4-41BF-4A77-AF20-C5DE8D1B62C0}"
EndProject
Global
	GlobalSection(SolutionConfigurationPlatforms) = preSolution
		Debug|Any CPU = Debug|Any CPU
		Release|Any CPU = Release|Any CPU
	EndGlobalSection
	GlobalSection(ProjectConfigurationPlatforms) = postSolution
		{D5883CA4-41BF-4A77-AF20-C5DE8D1B62C0}.Debug|Any CPU.ActiveCfg = Debug|Any CPU
		{D5883CA4-41BF-4A77-AF20-C5DE8D1B62C0}.Debug|Any CPU.Build.0 = Debug|Any CPU
		{D5883CA4-41BF-4A77-AF20-C5DE8D1B62C0}.Release|Any CPU.ActiveCfg = Release|Any CPU
		{D5883CA4-41BF-4A77-AF20-C5DE8D1B62C0}.Release|Any CPU.Build.0 = Release|Any CPU
	EndGlobalSection
	GlobalSection(SolutionProperties) = preSolution
		HideSolutionNode = FALSE
	EndGlobalSection
	GlobalSection(ExtensibilityGlobals) = postSolution
		SolutionGuid = {BF8DE831-0C59-41A7-A548-DEF8A39BA39D}
	EndGlobalSection
EndGlobal
