
Microsoft Visual Studio Solution File, Format Version 12.00
# Visual Studio Version 17
VisualStudioVersion = 17.7.34024.191
MinimumVisualStudioVersion = 10.0.40219.1
Project("{FAE04EC0-301F-11D3-BF4B-00C04F79EFBC}") = "Exercicio17", "Exercicio17\Exercicio17.csproj", "{CAA9BC0C-124B-4184-895B-C81A5E768EC3}"
EndProject
Global
	GlobalSection(SolutionConfigurationPlatforms) = preSolution
		Debug|Any CPU = Debug|Any CPU
		Release|Any CPU = Release|Any CPU
	EndGlobalSection
	GlobalSection(ProjectConfigurationPlatforms) = postSolution
		{CAA9BC0C-124B-4184-895B-C81A5E768EC3}.Debug|Any CPU.ActiveCfg = Debug|Any CPU
		{CAA9BC0C-124B-4184-895B-C81A5E768EC3}.Debug|Any CPU.Build.0 = Debug|Any CPU
		{CAA9BC0C-124B-4184-895B-C81A5E768EC3}.Release|Any CPU.ActiveCfg = Release|Any CPU
		{CAA9BC0C-124B-4184-895B-C81A5E768EC3}.Release|Any CPU.Build.0 = Release|Any CPU
	EndGlobalSection
	GlobalSection(SolutionProperties) = preSolution
		HideSolutionNode = FALSE
	EndGlobalSection
	GlobalSection(ExtensibilityGlobals) = postSolution
		SolutionGuid = {15F223F7-7FC4-40ED-A147-B4BB666D5225}
	EndGlobalSection
EndGlobal
