
Microsoft Visual Studio Solution File, Format Version 12.00
# Visual Studio Version 17
VisualStudioVersion = 17.7.34024.191
MinimumVisualStudioVersion = 10.0.40219.1
Project("{FAE04EC0-301F-11D3-BF4B-00C04F79EFBC}") = "Exercicio10", "Exercicio10\Exercicio10.csproj", "{E0AFBA51-0620-42A1-B484-A1C959DE2B85}"
EndProject
Global
	GlobalSection(SolutionConfigurationPlatforms) = preSolution
		Debug|Any CPU = Debug|Any CPU
		Release|Any CPU = Release|Any CPU
	EndGlobalSection
	GlobalSection(ProjectConfigurationPlatforms) = postSolution
		{E0AFBA51-0620-42A1-B484-A1C959DE2B85}.Debug|Any CPU.ActiveCfg = Debug|Any CPU
		{E0AFBA51-0620-42A1-B484-A1C959DE2B85}.Debug|Any CPU.Build.0 = Debug|Any CPU
		{E0AFBA51-0620-42A1-B484-A1C959DE2B85}.Release|Any CPU.ActiveCfg = Release|Any CPU
		{E0AFBA51-0620-42A1-B484-A1C959DE2B85}.Release|Any CPU.Build.0 = Release|Any CPU
	EndGlobalSection
	GlobalSection(SolutionProperties) = preSolution
		HideSolutionNode = FALSE
	EndGlobalSection
	GlobalSection(ExtensibilityGlobals) = postSolution
		SolutionGuid = {757519E8-5135-4FFA-A0FA-343B0D3C957C}
	EndGlobalSection
EndGlobal
