
Microsoft Visual Studio Solution File, Format Version 12.00
# Visual Studio Version 17
VisualStudioVersion = 17.7.34024.191
MinimumVisualStudioVersion = 10.0.40219.1
Project("{FAE04EC0-301F-11D3-BF4B-00C04F79EFBC}") = "Exercicio16", "Exercicio16\Exercicio16.csproj", "{BC8E2E60-86C1-4EE9-8421-2EC6B8E9B2A8}"
EndProject
Global
	GlobalSection(SolutionConfigurationPlatforms) = preSolution
		Debug|Any CPU = Debug|Any CPU
		Release|Any CPU = Release|Any CPU
	EndGlobalSection
	GlobalSection(ProjectConfigurationPlatforms) = postSolution
		{BC8E2E60-86C1-4EE9-8421-2EC6B8E9B2A8}.Debug|Any CPU.ActiveCfg = Debug|Any CPU
		{BC8E2E60-86C1-4EE9-8421-2EC6B8E9B2A8}.Debug|Any CPU.Build.0 = Debug|Any CPU
		{BC8E2E60-86C1-4EE9-8421-2EC6B8E9B2A8}.Release|Any CPU.ActiveCfg = Release|Any CPU
		{BC8E2E60-86C1-4EE9-8421-2EC6B8E9B2A8}.Release|Any CPU.Build.0 = Release|Any CPU
	EndGlobalSection
	GlobalSection(SolutionProperties) = preSolution
		HideSolutionNode = FALSE
	EndGlobalSection
	GlobalSection(ExtensibilityGlobals) = postSolution
		SolutionGuid = {8C5472CB-03DD-480D-A0F8-1C5ACD10E8F2}
	EndGlobalSection
EndGlobal
